
Microsoft Visual Studio Solution File, Format Version 12.00
# Visual Studio Version 16
VisualStudioVersion = 16.0.31729.503
MinimumVisualStudioVersion = 10.0.40219.1
Project("{9A19103F-16F7-4668-BE54-9A1E7A4F7556}") = "UapkiNetStandard20", "src\UapkiNetStandard20\UapkiNetStandard20.csproj", "{ED114208-5E6E-449A-96B2-3510D53D6708}"
EndProject
Project("{FAE04EC0-301F-11D3-BF4B-00C04F79EFBC}") = "UapkiNetStandard20.Example.ConsoleApp", "example\UapkiNetStandard20.Example.Console.App\UapkiNetStandard20.Example.ConsoleApp.csproj", "{9CD4B7C1-6704-4D35-A9A5-A0938698FAA2}"
EndProject
Global
	GlobalSection(SolutionConfigurationPlatforms) = preSolution
		Debug|Any CPU = Debug|Any CPU
		Release|Any CPU = Release|Any CPU
	EndGlobalSection
	GlobalSection(ProjectConfigurationPlatforms) = postSolution
		{ED114208-5E6E-449A-96B2-3510D53D6708}.Debug|Any CPU.ActiveCfg = Debug|Any CPU
		{ED114208-5E6E-449A-96B2-3510D53D6708}.Debug|Any CPU.Build.0 = Debug|Any CPU
		{ED114208-5E6E-449A-96B2-3510D53D6708}.Release|Any CPU.ActiveCfg = Release|Any CPU
		{ED114208-5E6E-449A-96B2-3510D53D6708}.Release|Any CPU.Build.0 = Release|Any CPU
		{9CD4B7C1-6704-4D35-A9A5-A0938698FAA2}.Debug|Any CPU.ActiveCfg = Debug|Any CPU
		{9CD4B7C1-6704-4D35-A9A5-A0938698FAA2}.Debug|Any CPU.Build.0 = Debug|Any CPU
		{9CD4B7C1-6704-4D35-A9A5-A0938698FAA2}.Release|Any CPU.ActiveCfg = Release|Any CPU
		{9CD4B7C1-6704-4D35-A9A5-A0938698FAA2}.Release|Any CPU.Build.0 = Release|Any CPU
	EndGlobalSection
	GlobalSection(SolutionProperties) = preSolution
		HideSolutionNode = FALSE
	EndGlobalSection
	GlobalSection(ExtensibilityGlobals) = postSolution
		SolutionGuid = {E6CD5EBD-56DB-454C-A454-BE6FA230121F}
	EndGlobalSection
EndGlobal
